{
  "name": "linkshortener",
  "lockfileVersion": 3,
  "requires": true,
  "packages": {
    "": {
      "dependencies": {
        "is-valid-domain": "^0.1.6"
      }
    },
    "node_modules/is-valid-domain": {
      "version": "0.1.6",
      "resolved": "https://registry.npmjs.org/is-valid-domain/-/is-valid-domain-0.1.6.tgz",
      "integrity": "sha512-ZKtq737eFkZr71At8NxOFcP9O1K89gW3DkdrGMpp1upr/ueWjj+Weh4l9AI4rN0Gt8W2M1w7jrG2b/Yv83Ljpg==",
      "dependencies": {
        "punycode": "^2.1.1"
      }
    },
    "node_modules/punycode": {
      "version": "2.3.1",
      "resolved": "https://registry.npmjs.org/punycode/-/punycode-2.3.1.tgz",
      "integrity": "sha512-vYt7UD1U9Wg6138shLtLOvdAu+8DsC/ilFtEVHcH+wydcSpNE20AfSOduf6MkRFahL5FY7X1oU7nKVZFtfq8Fg==",
      "engines": {
        "node": ">=6"
      }
    }
  }
}
